{
  "name": "@mordelonjs/react-source",
  "version": "0.0.2",
  "lockfileVersion": 1,
  "requires": true,
  "dependencies": {
    "mordelon-js": {
      "version": "0.0.10",
      "resolved": "https://registry.npmjs.org/mordelon-js/-/mordelon-js-0.0.10.tgz",
      "integrity": "sha512-8FN6/sadE3qodh20OjC0RoZ8ZhD3bJrIuyaROJO1J/1cZ7gWOT8xfYfwkf6vsb7EITdgoPl4psB+HqTqG6GN6A=="
    },
    "preact": {
      "version": "10.0.5",
      "resolved": "https://registry.npmjs.org/preact/-/preact-10.0.5.tgz",
      "integrity": "sha512-62+J+GTrv3Uhp6DefqZTel6VYcdUA1zqHO7gjQSKdOwkU2sNOp/Vl6Zf2A3hIWV5EBgjeDA8gsOn6dmB3I1Dvg=="
    }
  }
}
